// !$*UTF8*$!
{
	archiveVersion = 1;
	classes = {
	};
	objectVersion = 46;
	objects = {

/* Begin PBXBuildFile section */
		325640D91CFBC30900990965 /* AppDelegate.swift in Sources */ = {isa = PBXBuildFile; fileRef = 325640D81CFBC30900990965 /* AppDelegate.swift */; };
		325640DB1CFBC30900990965 /* ViewController.swift in Sources */ = {isa = PBXBuildFile; fileRef = 325640DA1CFBC30900990965 /* ViewController.swift */; };
		325640DE1CFBC30900990965 /* Main.storyboard in Resources */ = {isa = PBXBuildFile; fileRef = 325640DC1CFBC30900990965 /* Main.storyboard */; };
		325640E01CFBC30900990965 /* Assets.xcassets in Resources */ = {isa = PBXBuildFile; fileRef = 325640DF1CFBC30900990965 /* Assets.xcassets */; };
		325640E31CFBC30900990965 /* LaunchScreen.storyboard in Resources */ = {isa = PBXBuildFile; fileRef = 325640E11CFBC30900990965 /* LaunchScreen.storyboard */; };
/* End PBXBuildFile section */

/* Begin PBXFileReference section */
		325640D51CFBC30900990965 /* FirstiOSApp.app */ = {isa = PBXFileReference; explicitFileType = wrapper.application; includeInIndex = 0; path = FirstiOSApp.app; sourceTree = BUILT_PRODUCTS_DIR; };
		325640D81CFBC30900990965 /* AppDelegate.swift */ = {isa = PBXFileReference; lastKnownFileType = sourcecode.swift; path = AppDelegate.swift; sourceTree = "<group>"; };
		325640DA1CFBC30900990965 /* ViewController.swift */ = {isa = PBXFileReference; lastKnownFileType = sourcecode.swift; path = ViewController.swift; sourceTree = "<group>"; };
		325640DD1CFBC30900990965 /* Base */ = {isa = PBXFileReference; lastKnownFileType = file.storyboard; name = Base; path = Base.lproj/Main.storyboard; sourceTree = "<group>"; };
		325640DF1CFBC30900990965 /* Assets.xcassets */ = {isa = PBXFileReference; lastKnownFileType = folder.assetcatalog; path = Assets.xcassets; sourceTree = "<group>"; };
		325640E21CFBC30900990965 /* Base */ = {isa = PBXFileReference; lastKnownFileType = file.storyboard; name = Base; path = Base.lproj/LaunchScreen.storyboard; sourceTree = "<group>"; };
		325640E41CFBC30900990965 /* Info.plist */ = {isa = PBXFileReference; lastKnownFileType = text.plist.xml; path = Info.plist; sourceTree = "<group>"; };
/* End PBXFileReference section */

/* Begin PBXFrameworksBuildPhase section */
		325640D21CFBC30900990965 /* Frameworks */ = {
			isa = PBXFrameworksBuildPhase;
			buildActionMask = 2147483647;
			files = (
			);
			runOnlyForDeploymentPostprocessing = 0;
		};
/* End PBXFrameworksBuildPhase section */

/* Begin PBXGroup section */
		325640CC1CFBC30900990965 = {
			isa = PBXGroup;
			children = (
				325640D71CFBC30900990965 /* FirstiOSApp */,
				325640D61CFBC30900990965 /* Products */,
			);
			sourceTree = "<group>";
		};
		325640D61CFBC30900990965 /* Products */ = {
			isa = PBXGroup;
			children = (
				325640D51CFBC30900990965 /* FirstiOSApp.app */,
			);
			name = Products;
			sourceTree = "<group>";
		};
		325640D71CFBC30900990965 /* FirstiOSApp */ = {
			isa = PBXGroup;
			children = (
				325640D81CFBC30900990965 /* AppDelegate.swift */,
				325640DA1CFBC30900990965 /* ViewController.swift */,
				325640DC1CFBC30900990965 /* Main.storyboard */,
				325640DF1CFBC30900990965 /* Assets.xcassets */,
				325640E11CFBC30900990965 /* LaunchScreen.storyboard */,
				325640E41CFBC30900990965 /* Info.plist */,
			);
			path = FirstiOSApp;
			sourceTree = "<group>";
		};
/* End PBXGroup section */

/* Begin PBXNativeTarget section */
		325640D41CFBC30900990965 /* FirstiOSApp */ = {
			isa = PBXNativeTarget;
			buildConfigurationList = 325640E71CFBC30900990965 /* Build configuration list for PBXNativeTarget "FirstiOSApp" */;
			buildPhases = (
				325640D11CFBC30900990965 /* Sources */,
				325640D21CFBC30900990965 /* Frameworks */,
				325640D31CFBC30900990965 /* Resources */,
			);
			buildRules = (
			);
			dependencies = (
			);
			name = FirstiOSApp;
			productName = FirstiOSApp;
			productReference = 325640D51CFBC30900990965 /* FirstiOSApp.app */;
			productType = "com.apple.product-type.application";
		};
/* End PBXNativeTarget section */

/* Begin PBXProject section */
		325640CD1CFBC30900990965 /* Project object */ = {
			isa = PBXProject;
			attributes = {
				LastSwiftUpdateCheck = 0730;
				LastUpgradeCheck = 0730;
				ORGANIZATIONNAME = Sai;
				TargetAttributes = {
					325640D41CFBC30900990965 = {
						CreatedOnToolsVersion = 7.3.1;
					};
				};
			};
			buildConfigurationList = 325640D01CFBC30900990965 /* Build configuration list for PBXProject "FirstiOSApp" */;
			compatibilityVersion = "Xcode 3.2";
			developmentRegion = English;
			hasScannedForEncodings = 0;
			knownRegions = (
				en,
				Base,
			);
			mainGroup = 325640CC1CFBC30900990965;
			productRefGroup = 325640D61CFBC30900990965 /* Products */;
			projectDirPath = "";
			projectRoot = "";
			targets = (
				325640D41CFBC30900990965 /* FirstiOSApp */,
			);
		};
/* End PBXProject section */

/* Begin PBXResourcesBuildPhase section */
		325640D31CFBC30900990965 /* Resources */ = {
			isa = PBXResourcesBuildPhase;
			buildActionMask = 2147483647;
			files = (
				325640E31CFBC30900990965 /* LaunchScreen.storyboard in Resources */,
				325640E01CFBC30900990965 /* Assets.xcassets in Resources */,
				325640DE1CFBC30900990965 /* Main.storyboard in Resources */,
			);
			runOnlyForDeploymentPostprocessing = 0;
		};
/* End PBXResourcesBuildPhase section */

/* Begin PBXSourcesBuildPhase section */
		325640D11CFBC30900990965 /* Sources */ = {
			isa = PBXSourcesBuildPhase;
			buildActionMask = 2147483647;
			files = (
				325640DB1CFBC30900990965 /* ViewController.swift in Sources */,
				325640D91CFBC30900990965 /* AppDelegate.swift in Sources */,
			);
			runOnlyForDeploymentPostprocessing = 0;
		};
/* End PBXSourcesBuildPhase section */

/* Begin PBXVariantGroup section */
		325640DC1CFBC30900990965 /* Main.storyboard */ = {
			isa = PBXVariantGroup;
			children = (
				325640DD1CFBC30900990965 /* Base */,
			);
			name = Main.storyboard;
			sourceTree = "<group>";
		};
		325640E11CFBC30900990965 /* LaunchScreen.storyboard */ = {
			isa = PBXVariantGroup;
			children = (
				325640E21CFBC30900990965 /* Base */,
			);
			name = LaunchScreen.storyboard;
			sourceTree = "<group>";
		};
/* End PBXVariantGroup section */

/* Begin XCBuildConfiguration section */
		325640E51CFBC30900990965 /* Debug */ = {
			isa = XCBuildConfiguration;
			buildSettings = {
				ALWAYS_SEARCH_USER_PATHS = NO;
				CLANG_ANALYZER_NONNULL = YES;
				CLANG_CXX_LANGUAGE_STANDARD = "gnu++0x";
				CLANG_CXX_LIBRARY = "libc++";
				CLANG_ENABLE_MODULES = YES;
				CLANG_ENABLE_OBJC_ARC = YES;
				CLANG_WARN_BOOL_CONVERSION = YES;
				CLANG_WARN_CONSTANT_CONVERSION = YES;
				CLANG_WARN_DIRECT_OBJC_ISA_USAGE = YES_ERROR;
				CLANG_WARN_EMPTY_BODY = YES;
				CLANG_WARN_ENUM_CONVERSION = YES;
				CLANG_WARN_INT_CONVERSION = YES;
				CLANG_WARN_OBJC_ROOT_CLASS = YES_ERROR;
				CLANG_WARN_UNREACHABLE_CODE = YES;
				CLANG_WARN__DUPLICATE_METHOD_MATCH = YES;
				"CODE_SIGN_IDENTITY[sdk=iphoneos*]" = "iPhone Developer";
				COPY_PHASE_STRIP = NO;
				DEBUG_INFORMATION_FORMAT = dwarf;
				ENABLE_STRICT_OBJC_MSGSEND = YES;
				ENABLE_TESTABILITY = YES;
				GCC_C_LANGUAGE_STANDARD = gnu99;
				GCC_DYNAMIC_NO_PIC = NO;
				GCC_NO_COMMON_BLOCKS = YES;
				GCC_OPTIMIZATION_LEVEL = 0;
				GCC_PREPROCESSOR_DEFINITIONS = (
					"DEBUG=1",
					"$(inherited)",
				);
				GCC_WARN_64_TO_32_BIT_CONVERSION = YES;
				GCC_WARN_ABOUT_RETURN_TYPE = YES_ERROR;
				GCC_WARN_UNDECLARED_SELECTOR = YES;
				GCC_WARN_UNINITIALIZED_AUTOS = YES_AGGRESSIVE;
				GCC_WARN_UNUSED_FUNCTION = YES;
				GCC_WARN_UNUSED_VARIABLE = YES;
				IPHONEOS_DEPLOYMENT_TARGET = 9.3;
				MTL_ENABLE_DEBUG_INFO = YES;
				ONLY_ACTIVE_ARCH = YES;
				SDKROOT = iphoneos;
				SWIFT_OPTIMIZATION_LEVEL = "-Onone";
			};
			name = Debug;
		};
		325640E61CFBC30900990965 /* Release */ = {
			isa = XCBuildConfiguration;
			buildSettings = {
				ALWAYS_SEARCH_USER_PATHS = NO;
				CLANG_ANALYZER_NONNULL = YES;
				CLANG_CXX_LANGUAGE_STANDARD = "gnu++0x";
				CLANG_CXX_LIBRARY = "libc++";
				CLANG_ENABLE_MODULES = YES;
				CLANG_ENABLE_OBJC_ARC = YES;
				CLANG_WARN_BOOL_CONVERSION = YES;
				CLANG_WARN_CONSTANT_CONVERSION = YES;
				CLANG_WARN_DIRECT_OBJC_ISA_USAGE = YES_ERROR;
				CLANG_WARN_EMPTY_BODY = YES;
				CLANG_WARN_ENUM_CONVERSION = YES;
				CLANG_WARN_INT_CONVERSION = YES;
				CLANG_WARN_OBJC_ROOT_CLASS = YES_ERROR;
				CLANG_WARN_UNREACHABLE_CODE = YES;
				CLANG_WARN__DUPLICATE_METHOD_MATCH = YES;
				"CODE_SIGN_IDENTITY[sdk=iphoneos*]" = "iPhone Developer";
				COPY_PHASE_STRIP = NO;
				DEBUG_INFORMATION_FORMAT = "dwarf-with-dsym";
				ENABLE_NS_ASSERTIONS = NO;
				ENABLE_STRICT_OBJC_MSGSEND = YES;
				GCC_C_LANGUAGE_STANDARD = gnu99;
				GCC_NO_COMMON_BLOCKS = YES;
				GCC_WARN_64_TO_32_BIT_CONVERSION = YES;
				GCC_WARN_ABOUT_RETURN_TYPE = YES_ERROR;
				GCC_WARN_UNDECLARED_SELECTOR = YES;
				GCC_WARN_UNINITIALIZED_AUTOS = YES_AGGRESSIVE;
				GCC_WARN_UNUSED_FUNCTION = YES;
				GCC_WARN_UNUSED_VARIABLE = YES;
				IPHONEOS_DEPLOYMENT_TARGET = 9.3;
				MTL_ENABLE_DEBUG_INFO = NO;
				SDKROOT = iphoneos;
				VALIDATE_PRODUCT = YES;
			};
			name = Release;
		};
		325640E81CFBC30900990965 /* Debug */ = {
			isa = XCBuildConfiguration;
			buildSettings = {
				ASSETCATALOG_COMPILER_APPICON_NAME = AppIcon;
				INFOPLIST_FILE = FirstiOSApp/Info.plist;
				LD_RUNPATH_SEARCH_PATHS = "$(inherited) @executable_path/Frameworks";
				PRODUCT_BUNDLE_IDENTIFIER = com.saiemani.FirstiOSApp;
				PRODUCT_NAME = "$(TARGET_NAME)";
			};
			name = Debug;
		};
		325640E91CFBC30900990965 /* Release */ = {
			isa = XCBuildConfiguration;
			buildSettings = {
				ASSETCATALOG_COMPILER_APPICON_NAME = AppIcon;
				INFOPLIST_FILE = FirstiOSApp/Info.plist;
				LD_RUNPATH_SEARCH_PATHS = "$(inherited) @executable_path/Frameworks";
				PRODUCT_BUNDLE_IDENTIFIER = com.saiemani.FirstiOSApp;
				PRODUCT_NAME = "$(TARGET_NAME)";
			};
			name = Release;
		};
/* End XCBuildConfiguration section */

/* Begin XCConfigurationList section */
		325640D01CFBC30900990965 /* Build configuration list for PBXProject "FirstiOSApp" */ = {
			isa = XCConfigurationList;
			buildConfigurations = (
				325640E51CFBC30900990965 /* Debug */,
				325640E61CFBC30900990965 /* Release */,
			);
			defaultConfigurationIsVisible = 0;
			defaultConfigurationName = Release;
		};
		325640E71CFBC30900990965 /* Build configuration list for PBXNativeTarget "FirstiOSApp" */ = {
			isa = XCConfigurationList;
			buildConfigurations = (
				325640E81CFBC30900990965 /* Debug */,
				325640E91CFBC30900990965 /* Release */,
			);
			defaultConfigurationIsVisible = 0;
		};
/* End XCConfigurationList section */
	};
	rootObject = 325640CD1CFBC30900990965 /* Project object */;
}
